
Microsoft Visual Studio Solution File, Format Version 12.00
# Visual Studio 2012
Project("{FAE04EC0-301F-11D3-BF4B-00C04F79EFBC}") = "Controle.Domain", "Controle.Domain\Controle.Domain.csproj", "{766C242F-4B18-4641-B311-EDC71E06B058}"
EndProject
Project("{FAE04EC0-301F-11D3-BF4B-00C04F79EFBC}") = "Controle.Teste", "Controle.Teste\Controle.Teste.csproj", "{437BE82B-1500-4240-AEB5-460C50CCF461}"
EndProject
Project("{FAE04EC0-301F-11D3-BF4B-00C04F79EFBC}") = "Controle.Controller", "Controle.Controller\Controle.Controller.csproj", "{BB35A8D6-3DAC-4F63-905F-2E3BA95475C6}"
EndProject
Project("{FAE04EC0-301F-11D3-BF4B-00C04F79EFBC}") = "Controle.View", "Controle.View\Controle.View.csproj", "{A75FBFA4-1EA6-40E7-A4D2-E8D722D23234}"
EndProject
Project("{FAE04EC0-301F-11D3-BF4B-00C04F79EFBC}") = "Controle.Mvc", "MvcApplication1\Controle.Mvc.csproj", "{AACC6A88-B230-4F81-9E1B-3465594E7879}"
EndProject
Global
	GlobalSection(SolutionConfigurationPlatforms) = preSolution
		Debug|Any CPU = Debug|Any CPU
		Release|Any CPU = Release|Any CPU
	EndGlobalSection
	GlobalSection(ProjectConfigurationPlatforms) = postSolution
		{766C242F-4B18-4641-B311-EDC71E06B058}.Debug|Any CPU.ActiveCfg = Debug|Any CPU
		{766C242F-4B18-4641-B311-EDC71E06B058}.Debug|Any CPU.Build.0 = Debug|Any CPU
		{766C242F-4B18-4641-B311-EDC71E06B058}.Release|Any CPU.ActiveCfg = Release|Any CPU
		{766C242F-4B18-4641-B311-EDC71E06B058}.Release|Any CPU.Build.0 = Release|Any CPU
		{437BE82B-1500-4240-AEB5-460C50CCF461}.Debug|Any CPU.ActiveCfg = Debug|Any CPU
		{437BE82B-1500-4240-AEB5-460C50CCF461}.Debug|Any CPU.Build.0 = Debug|Any CPU
		{437BE82B-1500-4240-AEB5-460C50CCF461}.Release|Any CPU.ActiveCfg = Release|Any CPU
		{437BE82B-1500-4240-AEB5-460C50CCF461}.Release|Any CPU.Build.0 = Release|Any CPU
		{BB35A8D6-3DAC-4F63-905F-2E3BA95475C6}.Debug|Any CPU.ActiveCfg = Debug|Any CPU
		{BB35A8D6-3DAC-4F63-905F-2E3BA95475C6}.Debug|Any CPU.Build.0 = Debug|Any CPU
		{BB35A8D6-3DAC-4F63-905F-2E3BA95475C6}.Release|Any CPU.ActiveCfg = Release|Any CPU
		{BB35A8D6-3DAC-4F63-905F-2E3BA95475C6}.Release|Any CPU.Build.0 = Release|Any CPU
		{A75FBFA4-1EA6-40E7-A4D2-E8D722D23234}.Debug|Any CPU.ActiveCfg = Debug|Any CPU
		{A75FBFA4-1EA6-40E7-A4D2-E8D722D23234}.Debug|Any CPU.Build.0 = Debug|Any CPU
		{A75FBFA4-1EA6-40E7-A4D2-E8D722D23234}.Release|Any CPU.ActiveCfg = Release|Any CPU
		{A75FBFA4-1EA6-40E7-A4D2-E8D722D23234}.Release|Any CPU.Build.0 = Release|Any CPU
		{AACC6A88-B230-4F81-9E1B-3465594E7879}.Debug|Any CPU.ActiveCfg = Debug|Any CPU
		{AACC6A88-B230-4F81-9E1B-3465594E7879}.Debug|Any CPU.Build.0 = Debug|Any CPU
		{AACC6A88-B230-4F81-9E1B-3465594E7879}.Release|Any CPU.ActiveCfg = Release|Any CPU
		{AACC6A88-B230-4F81-9E1B-3465594E7879}.Release|Any CPU.Build.0 = Release|Any CPU
	EndGlobalSection
	GlobalSection(SolutionProperties) = preSolution
		HideSolutionNode = FALSE
	EndGlobalSection
EndGlobal
